
Microsoft Visual Studio Solution File, Format Version 12.00
# Visual Studio 15
VisualStudioVersion = 15.0.26430.14
MinimumVisualStudioVersion = 10.0.40219.1
Project("{FAE04EC0-301F-11D3-BF4B-00C04F79EFBC}") = "AzureIOTRecevice", "AzureIOTRecevice\AzureIOTRecevice.csproj", "{9C1AC132-2D6D-4C07-A710-3A31F7269AEC}"
EndProject
Global
	GlobalSection(SolutionConfigurationPlatforms) = preSolution
		Debug|ARM = Debug|ARM
		Debug|x64 = Debug|x64
		Debug|x86 = Debug|x86
		Release|ARM = Release|ARM
		Release|x64 = Release|x64
		Release|x86 = Release|x86
	EndGlobalSection
	GlobalSection(ProjectConfigurationPlatforms) = postSolution
		{9C1AC132-2D6D-4C07-A710-3A31F7269AEC}.Debug|ARM.ActiveCfg = Debug|ARM
		{9C1AC132-2D6D-4C07-A710-3A31F7269AEC}.Debug|ARM.Build.0 = Debug|ARM
		{9C1AC132-2D6D-4C07-A710-3A31F7269AEC}.Debug|ARM.Deploy.0 = Debug|ARM
		{9C1AC132-2D6D-4C07-A710-3A31F7269AEC}.Debug|x64.ActiveCfg = Debug|x64
		{9C1AC132-2D6D-4C07-A710-3A31F7269AEC}.Debug|x64.Build.0 = Debug|x64
		{9C1AC132-2D6D-4C07-A710-3A31F7269AEC}.Debug|x64.Deploy.0 = Debug|x64
		{9C1AC132-2D6D-4C07-A710-3A31F7269AEC}.Debug|x86.ActiveCfg = Debug|x86
		{9C1AC132-2D6D-4C07-A710-3A31F7269AEC}.Debug|x86.Build.0 = Debug|x86
		{9C1AC132-2D6D-4C07-A710-3A31F7269AEC}.Debug|x86.Deploy.0 = Debug|x86
		{9C1AC132-2D6D-4C07-A710-3A31F7269AEC}.Release|ARM.ActiveCfg = Release|ARM
		{9C1AC132-2D6D-4C07-A710-3A31F7269AEC}.Release|ARM.Build.0 = Release|ARM
		{9C1AC132-2D6D-4C07-A710-3A31F7269AEC}.Release|ARM.Deploy.0 = Release|ARM
		{9C1AC132-2D6D-4C07-A710-3A31F7269AEC}.Release|x64.ActiveCfg = Release|x64
		{9C1AC132-2D6D-4C07-A710-3A31F7269AEC}.Release|x64.Build.0 = Release|x64
		{9C1AC132-2D6D-4C07-A710-3A31F7269AEC}.Release|x64.Deploy.0 = Release|x64
		{9C1AC132-2D6D-4C07-A710-3A31F7269AEC}.Release|x86.ActiveCfg = Release|x86
		{9C1AC132-2D6D-4C07-A710-3A31F7269AEC}.Release|x86.Build.0 = Release|x86
		{9C1AC132-2D6D-4C07-A710-3A31F7269AEC}.Release|x86.Deploy.0 = Release|x86
	EndGlobalSection
	GlobalSection(SolutionProperties) = preSolution
		HideSolutionNode = FALSE
	EndGlobalSection
EndGlobal
